// !$*UTF8*$!
{
	archiveVersion = 1;
	classes = {
	};
	objectVersion = 77;
	objects = {

/* Begin PBXContainerItemProxy section */
		FC6D82CE2FC7088C00C8452D /* PBXContainerItemProxy */ = {
			isa = PBXContainerItemProxy;
			containerPortal = FC6D82B82FC7088A00C8452D /* Project object */;
			proxyType = 1;
			remoteGlobalIDString = FC6D82BF2FC7088A00C8452D;
			remoteInfo = MimicDeck;
		};
		FC6D82D82FC7088C00C8452D /* PBXContainerItemProxy */ = {
			isa = PBXContainerItemProxy;
			containerPortal = FC6D82B82FC7088A00C8452D /* Project object */;
			proxyType = 1;
			remoteGlobalIDString = FC6D82BF2FC7088A00C8452D;
			remoteInfo = MimicDeck;
		};
/* End PBXContainerItemProxy section */

/* Begin PBXFileReference section */
		FC6D82C02FC7088A00C8452D /* MimicDeck.app */ = {isa = PBXFileReference; explicitFileType = wrapper.application; includeInIndex = 0; path = MimicDeck.app; sourceTree = BUILT_PRODUCTS_DIR; };
		FC6D82CD2FC7088C00C8452D /* MimicDeckTests.xctest */ = {isa = PBXFileReference; explicitFileType = wrapper.cfbundle; includeInIndex = 0; path = MimicDeckTests.xctest; sourceTree = BUILT_PRODUCTS_DIR; };
		FC6D82D72FC7088C00C8452D /* MimicDeckUITests.xctest */ = {isa = PBXFileReference; explicitFileType = wrapper.cfbundle; includeInIndex = 0; path = MimicDeckUITests.xctest; sourceTree = BUILT_PRODUCTS_DIR; };
		FC6D82EA2FC709C600C8452D /* MimicDeck.entitlements */ = {isa = PBXFileReference; lastKnownFileType = text.plist.entitlements; path = MimicDeck.entitlements; sourceTree = "<group>"; };
		FC6D830000000000C8452D /* Version.xcconfig */ = {isa = PBXFileReference; lastKnownFileType = text.xcconfig; name = Version.xcconfig; path = Config/Version.xcconfig; sourceTree = "<group>"; };
/* End PBXFileReference section */

/* Begin PBXFileSystemSynchronizedBuildFileExceptionSet section */
		FC6D833F2FC716FA00C8452D /* Exceptions for "MimicDeck" folder in "MimicDeck" target */ = {
			isa = PBXFileSystemSynchronizedBuildFileExceptionSet;
			membershipExceptions = (
				Info.plist,
			);
			target = FC6D82BF2FC7088A00C8452D /* MimicDeck */;
		};
/* End PBXFileSystemSynchronizedBuildFileExceptionSet section */

/* Begin PBXFileSystemSynchronizedRootGroup section */
		FC6D82C22FC7088A00C8452D /* MimicDeck */ = {
			isa = PBXFileSystemSynchronizedRootGroup;
			exceptions = (
				FC6D833F2FC716FA00C8452D /* Exceptions for "MimicDeck" folder in "MimicDeck" target */,
			);
			path = MimicDeck;
			sourceTree = "<group>";
		};
		FC6D82D02FC7088C00C8452D /* MimicDeckTests */ = {
			isa = PBXFileSystemSynchronizedRootGroup;
			path = MimicDeckTests;
			sourceTree = "<group>";
		};
		FC6D82DA2FC7088C00C8452D /* MimicDeckUITests */ = {
			isa = PBXFileSystemSynchronizedRootGroup;
			path = MimicDeckUITests;
			sourceTree = "<group>";
		};
/* End PBXFileSystemSynchronizedRootGroup section */

/* Begin PBXFrameworksBuildPhase section */
		FC6D82BD2FC7088A00C8452D /* Frameworks */ = {
			isa = PBXFrameworksBuildPhase;
			buildActionMask = 2147483647;
			files = (
			);
			runOnlyForDeploymentPostprocessing = 0;
		};
		FC6D82CA2FC7088C00C8452D /* Frameworks */ = {
			isa = PBXFrameworksBuildPhase;
			buildActionMask = 2147483647;
			files = (
			);
			runOnlyForDeploymentPostprocessing = 0;
		};
		FC6D82D42FC7088C00C8452D /* Frameworks */ = {
			isa = PBXFrameworksBuildPhase;
			buildActionMask = 2147483647;
			files = (
			);
			runOnlyForDeploymentPostprocessing = 0;
		};
/* End PBXFrameworksBuildPhase section */

/* Begin PBXGroup section */
		FC446DC4301C03FF004F4D74 /* Recovered References */ = {
			isa = PBXGroup;
			children = (
				FC6D830000000000C8452D /* Version.xcconfig */,
			);
			name = "Recovered References";
			sourceTree = "<group>";
		};
		FC6D82B72FC7088A00C8452D = {
			isa = PBXGroup;
			children = (
				FC6D82C22FC7088A00C8452D /* MimicDeck */,
				FC6D82D02FC7088C00C8452D /* MimicDeckTests */,
				FC6D82DA2FC7088C00C8452D /* MimicDeckUITests */,
				FC6D82C12FC7088A00C8452D /* Products */,
				FC6D82EA2FC709C600C8452D /* MimicDeck.entitlements */,
				FC446DC4301C03FF004F4D74 /* Recovered References */,
			);
			sourceTree = "<group>";
		};
		FC6D82C12FC7088A00C8452D /* Products */ = {
			isa = PBXGroup;
			children = (
				FC6D82C02FC7088A00C8452D /* MimicDeck.app */,
				FC6D82CD2FC7088C00C8452D /* MimicDeckTests.xctest */,
				FC6D82D72FC7088C00C8452D /* MimicDeckUITests.xctest */,
			);
			name = Products;
			sourceTree = "<group>";
		};
/* End PBXGroup section */

/* Begin PBXNativeTarget section */
		FC6D82BF2FC7088A00C8452D /* MimicDeck */ = {
			isa = PBXNativeTarget;
			buildConfigurationList = FC6D82E12FC7088C00C8452D /* Build configuration list for PBXNativeTarget "MimicDeck" */;
			buildPhases = (
				FC6D82BC2FC7088A00C8452D /* Sources */,
				FC6D82BD2FC7088A00C8452D /* Frameworks */,
				FC6D82BE2FC7088A00C8452D /* Resources */,
			);
			buildRules = (
			);
			dependencies = (
			);
			fileSystemSynchronizedGroups = (
				FC6D82C22FC7088A00C8452D /* MimicDeck */,
			);
			name = MimicDeck;
			packageProductDependencies = (
			);
			productName = MimicDeck;
			productReference = FC6D82C02FC7088A00C8452D /* MimicDeck.app */;
			productType = "com.apple.product-type.application";
		};
		FC6D82CC2FC7088C00C8452D /* MimicDeckTests */ = {
			isa = PBXNativeTarget;
			buildConfigurationList = FC6D82E42FC7088C00C8452D /* Build configuration list for PBXNativeTarget "MimicDeckTests" */;
			buildPhases = (
				FC6D82C92FC7088C00C8452D /* Sources */,
				FC6D82CA2FC7088C00C8452D /* Frameworks */,
				FC6D82CB2FC7088C00C8452D /* Resources */,
			);
			buildRules = (
			);
			dependencies = (
				FC6D82CF2FC7088C00C8452D /* PBXTargetDependency */,
			);
			fileSystemSynchronizedGroups = (
				FC6D82D02FC7088C00C8452D /* MimicDeckTests */,
			);
			name = MimicDeckTests;
			packageProductDependencies = (
			);
			productName = MimicDeckTests;
			productReference = FC6D82CD2FC7088C00C8452D /* MimicDeckTests.xctest */;
			productType = "com.apple.product-type.bundle.unit-test";
		};
		FC6D82D62FC7088C00C8452D /* MimicDeckUITests */ = {
			isa = PBXNativeTarget;
			buildConfigurationList = FC6D82E72FC7088C00C8452D /* Build configuration list for PBXNativeTarget "MimicDeckUITests" */;
			buildPhases = (
				FC6D82D32FC7088C00C8452D /* Sources */,
				FC6D82D42FC7088C00C8452D /* Frameworks */,
				FC6D82D52FC7088C00C8452D /* Resources */,
			);
			buildRules = (
			);
			dependencies = (
				FC6D82D92FC7088C00C8452D /* PBXTargetDependency */,
			);
			fileSystemSynchronizedGroups = (
				FC6D82DA2FC7088C00C8452D /* MimicDeckUITests */,
			);
			name = MimicDeckUITests;
			packageProductDependencies = (
			);
			productName = MimicDeckUITests;
			productReference = FC6D82D72FC7088C00C8452D /* MimicDeckUITests.xctest */;
			productType = "com.apple.product-type.bundle.ui-testing";
		};
/* End PBXNativeTarget section */

/* Begin PBXProject section */
		FC6D82B82FC7088A00C8452D /* Project object */ = {
			isa = PBXProject;
			attributes = {
				BuildIndependentTargetsInParallel = 1;
				LastSwiftUpdateCheck = 2650;
				LastUpgradeCheck = 2650;
				TargetAttributes = {
					FC6D82BF2FC7088A00C8452D = {
						CreatedOnToolsVersion = 26.5;
					};
					FC6D82CC2FC7088C00C8452D = {
						CreatedOnToolsVersion = 26.5;
						TestTargetID = FC6D82BF2FC7088A00C8452D;
					};
					FC6D82D62FC7088C00C8452D = {
						CreatedOnToolsVersion = 26.5;
						TestTargetID = FC6D82BF2FC7088A00C8452D;
					};
				};
			};
			buildConfigurationList = FC6D82BB2FC7088A00C8452D /* Build configuration list for PBXProject "MimicDeck" */;
			developmentRegion = en;
			hasScannedForEncodings = 0;
			knownRegions = (
				en,
				Base,
			);
			mainGroup = FC6D82B72FC7088A00C8452D;
			minimizedProjectReferenceProxies = 1;
			preferredProjectObjectVersion = 77;
			productRefGroup = FC6D82C12FC7088A00C8452D /* Products */;
			projectDirPath = "";
			projectRoot = "";
			targets = (
				FC6D82BF2FC7088A00C8452D /* MimicDeck */,
				FC6D82CC2FC7088C00C8452D /* MimicDeckTests */,
				FC6D82D62FC7088C00C8452D /* MimicDeckUITests */,
			);
		};
/* End PBXProject section */

/* Begin PBXResourcesBuildPhase section */
		FC6D82BE2FC7088A00C8452D /* Resources */ = {
			isa = PBXResourcesBuildPhase;
			buildActionMask = 2147483647;
			files = (
			);
			runOnlyForDeploymentPostprocessing = 0;
		};
		FC6D82CB2FC7088C00C8452D /* Resources */ = {
			isa = PBXResourcesBuildPhase;
			buildActionMask = 2147483647;
			files = (
			);
			runOnlyForDeploymentPostprocessing = 0;
		};
		FC6D82D52FC7088C00C8452D /* Resources */ = {
			isa = PBXResourcesBuildPhase;
			buildActionMask = 2147483647;
			files = (
			);
			runOnlyForDeploymentPostprocessing = 0;
		};
/* End PBXResourcesBuildPhase section */

/* Begin PBXSourcesBuildPhase section */
		FC6D82BC2FC7088A00C8452D /* Sources */ = {
			isa = PBXSourcesBuildPhase;
			buildActionMask = 2147483647;
			files = (
			);
			runOnlyForDeploymentPostprocessing = 0;
		};
		FC6D82C92FC7088C00C8452D /* Sources */ = {
			isa = PBXSourcesBuildPhase;
			buildActionMask = 2147483647;
			files = (
			);
			runOnlyForDeploymentPostprocessing = 0;
		};
		FC6D82D32FC7088C00C8452D /* Sources */ = {
			isa = PBXSourcesBuildPhase;
			buildActionMask = 2147483647;
			files = (
			);
			runOnlyForDeploymentPostprocessing = 0;
		};
/* End PBXSourcesBuildPhase section */

/* Begin PBXTargetDependency section */
		FC6D82CF2FC7088C00C8452D /* PBXTargetDependency */ = {
			isa = PBXTargetDependency;
			target = FC6D82BF2FC7088A00C8452D /* MimicDeck */;
			targetProxy = FC6D82CE2FC7088C00C8452D /* PBXContainerItemProxy */;
		};
		FC6D82D92FC7088C00C8452D /* PBXTargetDependency */ = {
			isa = PBXTargetDependency;
			target = FC6D82BF2FC7088A00C8452D /* MimicDeck */;
			targetProxy = FC6D82D82FC7088C00C8452D /* PBXContainerItemProxy */;
		};
/* End PBXTargetDependency section */

/* Begin XCBuildConfiguration section */
		FC6D82DF2FC7088C00C8452D /* Debug */ = {
			isa = XCBuildConfiguration;
			baseConfigurationReference = FC6D830000000000C8452D /* Version.xcconfig */;
			buildSettings = {
				ALWAYS_SEARCH_USER_PATHS = NO;
				ASSETCATALOG_COMPILER_GENERATE_SWIFT_ASSET_SYMBOL_EXTENSIONS = YES;
				CLANG_ANALYZER_NONNULL = YES;
				CLANG_ANALYZER_NUMBER_OBJECT_CONVERSION = YES_AGGRESSIVE;
				CLANG_CXX_LANGUAGE_STANDARD = "gnu++20";
				CLANG_ENABLE_MODULES = YES;
				CLANG_ENABLE_OBJC_ARC = YES;
				CLANG_ENABLE_OBJC_WEAK = YES;
				CLANG_WARN_BLOCK_CAPTURE_AUTORELEASING = YES;
				CLANG_WARN_BOOL_CONVERSION = YES;
				CLANG_WARN_COMMA = YES;
				CLANG_WARN_CONSTANT_CONVERSION = YES;
				CLANG_WARN_DEPRECATED_OBJC_IMPLEMENTATIONS = YES;
				CLANG_WARN_DIRECT_OBJC_ISA_USAGE = YES_ERROR;
				CLANG_WARN_DOCUMENTATION_COMMENTS = YES;
				CLANG_WARN_EMPTY_BODY = YES;
				CLANG_WARN_ENUM_CONVERSION = YES;
				CLANG_WARN_INFINITE_RECURSION = YES;
				CLANG_WARN_INT_CONVERSION = YES;
				CLANG_WARN_NON_LITERAL_NULL_CONVERSION = YES;
				CLANG_WARN_OBJC_IMPLICIT_RETAIN_SELF = YES;
				CLANG_WARN_OBJC_LITERAL_CONVERSION = YES;
				CLANG_WARN_OBJC_ROOT_CLASS = YES_ERROR;
				CLANG_WARN_QUOTED_INCLUDE_IN_FRAMEWORK_HEADER = YES;
				CLANG_WARN_RANGE_LOOP_ANALYSIS = YES;
				CLANG_WARN_STRICT_PROTOTYPES = YES;
				CLANG_WARN_SUSPICIOUS_MOVE = YES;
				CLANG_WARN_UNGUARDED_AVAILABILITY = YES_AGGRESSIVE;
				CLANG_WARN_UNREACHABLE_CODE = YES;
				CLANG_WARN__DUPLICATE_METHOD_MATCH = YES;
				COPY_PHASE_STRIP = NO;
				DEBUG_INFORMATION_FORMAT = dwarf;
				ENABLE_STRICT_OBJC_MSGSEND = YES;
				ENABLE_TESTABILITY = YES;
				ENABLE_USER_SCRIPT_SANDBOXING = YES;
				GCC_C_LANGUAGE_STANDARD = gnu17;
				GCC_DYNAMIC_NO_PIC = NO;
				GCC_NO_COMMON_BLOCKS = YES;
				GCC_OPTIMIZATION_LEVEL = 0;
				GCC_PREPROCESSOR_DEFINITIONS = (
					"DEBUG=1",
					"$(inherited)",
				);
				GCC_WARN_64_TO_32_BIT_CONVERSION = YES;
				GCC_WARN_ABOUT_RETURN_TYPE = YES_ERROR;
				GCC_WARN_UNDECLARED_SELECTOR = YES;
				GCC_WARN_UNINITIALIZED_AUTOS = YES_AGGRESSIVE;
				GCC_WARN_UNUSED_FUNCTION = YES;
				GCC_WARN_UNUSED_VARIABLE = YES;
				LOCALIZATION_PREFERS_STRING_CATALOGS = YES;
				MACOSX_DEPLOYMENT_TARGET = 14.0;
				MTL_ENABLE_DEBUG_INFO = INCLUDE_SOURCE;
				MTL_FAST_MATH = YES;
				ONLY_ACTIVE_ARCH = YES;
				SDKROOT = macosx;
				SWIFT_ACTIVE_COMPILATION_CONDITIONS = "DEBUG $(inherited)";
				SWIFT_OPTIMIZATION_LEVEL = "-Onone";
			};
			name = Debug;
		};
		FC6D82E02FC7088C00C8452D /* Release */ = {
			isa = XCBuildConfiguration;
			baseConfigurationReference = FC6D830000000000C8452D /* Version.xcconfig */;
			buildSettings = {
				ALWAYS_SEARCH_USER_PATHS = NO;
				ASSETCATALOG_COMPILER_GENERATE_SWIFT_ASSET_SYMBOL_EXTENSIONS = YES;
				CLANG_ANALYZER_NONNULL = YES;
				CLANG_ANALYZER_NUMBER_OBJECT_CONVERSION = YES_AGGRESSIVE;
				CLANG_CXX_LANGUAGE_STANDARD = "gnu++20";
				CLANG_ENABLE_MODULES = YES;
				CLANG_ENABLE_OBJC_ARC = YES;
				CLANG_ENABLE_OBJC_WEAK = YES;
				CLANG_WARN_BLOCK_CAPTURE_AUTORELEASING = YES;
				CLANG_WARN_BOOL_CONVERSION = YES;
				CLANG_WARN_COMMA = YES;
				CLANG_WARN_CONSTANT_CONVERSION = YES;
				CLANG_WARN_DEPRECATED_OBJC_IMPLEMENTATIONS = YES;
				CLANG_WARN_DIRECT_OBJC_ISA_USAGE = YES_ERROR;
				CLANG_WARN_DOCUMENTATION_COMMENTS = YES;
				CLANG_WARN_EMPTY_BODY = YES;
				CLANG_WARN_ENUM_CONVERSION = YES;
				CLANG_WARN_INFINITE_RECURSION = YES;
				CLANG_WARN_INT_CONVERSION = YES;
				CLANG_WARN_NON_LITERAL_NULL_CONVERSION = YES;
				CLANG_WARN_OBJC_IMPLICIT_RETAIN_SELF = YES;
				CLANG_WARN_OBJC_LITERAL_CONVERSION = YES;
				CLANG_WARN_OBJC_ROOT_CLASS = YES_ERROR;
				CLANG_WARN_QUOTED_INCLUDE_IN_FRAMEWORK_HEADER = YES;
				CLANG_WARN_RANGE_LOOP_ANALYSIS = YES;
				CLANG_WARN_STRICT_PROTOTYPES = YES;
				CLANG_WARN_SUSPICIOUS_MOVE = YES;
				CLANG_WARN_UNGUARDED_AVAILABILITY = YES_AGGRESSIVE;
				CLANG_WARN_UNREACHABLE_CODE = YES;
				CLANG_WARN__DUPLICATE_METHOD_MATCH = YES;
				COPY_PHASE_STRIP = NO;
				DEBUG_INFORMATION_FORMAT = "dwarf-with-dsym";
				ENABLE_NS_ASSERTIONS = NO;
				ENABLE_STRICT_OBJC_MSGSEND = YES;
				ENABLE_USER_SCRIPT_SANDBOXING = YES;
				GCC_C_LANGUAGE_STANDARD = gnu17;
				GCC_NO_COMMON_BLOCKS = YES;
				GCC_WARN_64_TO_32_BIT_CONVERSION = YES;
				GCC_WARN_ABOUT_RETURN_TYPE = YES_ERROR;
				GCC_WARN_UNDECLARED_SELECTOR = YES;
				GCC_WARN_UNINITIALIZED_AUTOS = YES_AGGRESSIVE;
				GCC_WARN_UNUSED_FUNCTION = YES;
				GCC_WARN_UNUSED_VARIABLE = YES;
				LOCALIZATION_PREFERS_STRING_CATALOGS = YES;
				MACOSX_DEPLOYMENT_TARGET = 14.0;
				MTL_ENABLE_DEBUG_INFO = NO;
				MTL_FAST_MATH = YES;
				SDKROOT = macosx;
				SWIFT_COMPILATION_MODE = wholemodule;
			};
			name = Release;
		};
		FC6D82E22FC7088C00C8452D /* Debug */ = {
			isa = XCBuildConfiguration;
			buildSettings = {
				ASSETCATALOG_COMPILER_GLOBAL_ACCENT_COLOR_NAME = AccentColor;
				CODE_SIGN_STYLE = Automatic;
				COMBINE_HIDPI_IMAGES = YES;
				ENABLE_APP_SANDBOX = NO;
				ENABLE_HARDENED_RUNTIME = YES;
				ENABLE_PREVIEWS = YES;
				GENERATE_INFOPLIST_FILE = YES;
				INFOPLIST_FILE = MimicDeck/Info.plist;
				INFOPLIST_KEY_LSApplicationCategoryType = "public.app-category.productivity";
				INFOPLIST_KEY_NSHumanReadableCopyright = "Copyright © 2026 Kőrösfalvi Martin. MIT licensed.";
				LD_RUNPATH_SEARCH_PATHS = (
					"$(inherited)",
					"@executable_path/../Frameworks",
				);
				PRODUCT_BUNDLE_IDENTIFIER = KitsuneLab.MimicDeck;
				PRODUCT_NAME = "$(TARGET_NAME)";
				REGISTER_APP_GROUPS = YES;
				STRING_CATALOG_GENERATE_SYMBOLS = YES;
				SWIFT_APPROACHABLE_CONCURRENCY = YES;
				SWIFT_DEFAULT_ACTOR_ISOLATION = MainActor;
				SWIFT_EMIT_LOC_STRINGS = YES;
				SWIFT_UPCOMING_FEATURE_MEMBER_IMPORT_VISIBILITY = YES;
				SWIFT_VERSION = 6.0;
			};
			name = Debug;
		};
		FC6D82E32FC7088C00C8452D /* Release */ = {
			isa = XCBuildConfiguration;
			buildSettings = {
				ASSETCATALOG_COMPILER_GLOBAL_ACCENT_COLOR_NAME = AccentColor;
				CODE_SIGN_STYLE = Automatic;
				COMBINE_HIDPI_IMAGES = YES;
				ENABLE_APP_SANDBOX = NO;
				ENABLE_HARDENED_RUNTIME = YES;
				ENABLE_PREVIEWS = YES;
				GENERATE_INFOPLIST_FILE = YES;
				INFOPLIST_FILE = MimicDeck/Info.plist;
				INFOPLIST_KEY_LSApplicationCategoryType = "public.app-category.productivity";
				INFOPLIST_KEY_NSHumanReadableCopyright = "Copyright © 2026 Kőrösfalvi Martin. MIT licensed.";
				LD_RUNPATH_SEARCH_PATHS = (
					"$(inherited)",
					"@executable_path/../Frameworks",
				);
				PRODUCT_BUNDLE_IDENTIFIER = KitsuneLab.MimicDeck;
				PRODUCT_NAME = "$(TARGET_NAME)";
				REGISTER_APP_GROUPS = YES;
				STRING_CATALOG_GENERATE_SYMBOLS = YES;
				SWIFT_APPROACHABLE_CONCURRENCY = YES;
				SWIFT_DEFAULT_ACTOR_ISOLATION = MainActor;
				SWIFT_EMIT_LOC_STRINGS = YES;
				SWIFT_UPCOMING_FEATURE_MEMBER_IMPORT_VISIBILITY = YES;
				SWIFT_VERSION = 6.0;
			};
			name = Release;
		};
		FC6D82E52FC7088C00C8452D /* Debug */ = {
			isa = XCBuildConfiguration;
			buildSettings = {
				BUNDLE_LOADER = "$(TEST_HOST)";
				CODE_SIGN_STYLE = Automatic;
				GENERATE_INFOPLIST_FILE = YES;
				MACOSX_DEPLOYMENT_TARGET = 14.0;
				PRODUCT_BUNDLE_IDENTIFIER = KitsuneLab.MimicDeckTests;
				PRODUCT_NAME = "$(TARGET_NAME)";
				STRING_CATALOG_GENERATE_SYMBOLS = NO;
				SWIFT_APPROACHABLE_CONCURRENCY = YES;
				SWIFT_EMIT_LOC_STRINGS = NO;
				SWIFT_UPCOMING_FEATURE_MEMBER_IMPORT_VISIBILITY = YES;
				SWIFT_VERSION = 6.0;
				TEST_HOST = "$(BUILT_PRODUCTS_DIR)/MimicDeck.app/$(BUNDLE_EXECUTABLE_FOLDER_PATH)/MimicDeck";
			};
			name = Debug;
		};
		FC6D82E62FC7088C00C8452D /* Release */ = {
			isa = XCBuildConfiguration;
			buildSettings = {
				BUNDLE_LOADER = "$(TEST_HOST)";
				CODE_SIGN_STYLE = Automatic;
				GENERATE_INFOPLIST_FILE = YES;
				MACOSX_DEPLOYMENT_TARGET = 14.0;
				PRODUCT_BUNDLE_IDENTIFIER = KitsuneLab.MimicDeckTests;
				PRODUCT_NAME = "$(TARGET_NAME)";
				STRING_CATALOG_GENERATE_SYMBOLS = NO;
				SWIFT_APPROACHABLE_CONCURRENCY = YES;
				SWIFT_EMIT_LOC_STRINGS = NO;
				SWIFT_UPCOMING_FEATURE_MEMBER_IMPORT_VISIBILITY = YES;
				SWIFT_VERSION = 6.0;
				TEST_HOST = "$(BUILT_PRODUCTS_DIR)/MimicDeck.app/$(BUNDLE_EXECUTABLE_FOLDER_PATH)/MimicDeck";
			};
			name = Release;
		};
		FC6D82E82FC7088C00C8452D /* Debug */ = {
			isa = XCBuildConfiguration;
			buildSettings = {
				CODE_SIGN_STYLE = Automatic;
				GENERATE_INFOPLIST_FILE = YES;
				PRODUCT_BUNDLE_IDENTIFIER = KitsuneLab.MimicDeckUITests;
				PRODUCT_NAME = "$(TARGET_NAME)";
				STRING_CATALOG_GENERATE_SYMBOLS = NO;
				SWIFT_APPROACHABLE_CONCURRENCY = YES;
				SWIFT_EMIT_LOC_STRINGS = NO;
				SWIFT_UPCOMING_FEATURE_MEMBER_IMPORT_VISIBILITY = YES;
				SWIFT_VERSION = 6.0;
				TEST_TARGET_NAME = MimicDeck;
			};
			name = Debug;
		};
		FC6D82E92FC7088C00C8452D /* Release */ = {
			isa = XCBuildConfiguration;
			buildSettings = {
				CODE_SIGN_STYLE = Automatic;
				GENERATE_INFOPLIST_FILE = YES;
				PRODUCT_BUNDLE_IDENTIFIER = KitsuneLab.MimicDeckUITests;
				PRODUCT_NAME = "$(TARGET_NAME)";
				STRING_CATALOG_GENERATE_SYMBOLS = NO;
				SWIFT_APPROACHABLE_CONCURRENCY = YES;
				SWIFT_EMIT_LOC_STRINGS = NO;
				SWIFT_UPCOMING_FEATURE_MEMBER_IMPORT_VISIBILITY = YES;
				SWIFT_VERSION = 6.0;
				TEST_TARGET_NAME = MimicDeck;
			};
			name = Release;
		};
/* End XCBuildConfiguration section */

/* Begin XCConfigurationList section */
		FC6D82BB2FC7088A00C8452D /* Build configuration list for PBXProject "MimicDeck" */ = {
			isa = XCConfigurationList;
			buildConfigurations = (
				FC6D82DF2FC7088C00C8452D /* Debug */,
				FC6D82E02FC7088C00C8452D /* Release */,
			);
			defaultConfigurationIsVisible = 0;
			defaultConfigurationName = Release;
		};
		FC6D82E12FC7088C00C8452D /* Build configuration list for PBXNativeTarget "MimicDeck" */ = {
			isa = XCConfigurationList;
			buildConfigurations = (
				FC6D82E22FC7088C00C8452D /* Debug */,
				FC6D82E32FC7088C00C8452D /* Release */,
			);
			defaultConfigurationIsVisible = 0;
			defaultConfigurationName = Release;
		};
		FC6D82E42FC7088C00C8452D /* Build configuration list for PBXNativeTarget "MimicDeckTests" */ = {
			isa = XCConfigurationList;
			buildConfigurations = (
				FC6D82E52FC7088C00C8452D /* Debug */,
				FC6D82E62FC7088C00C8452D /* Release */,
			);
			defaultConfigurationIsVisible = 0;
			defaultConfigurationName = Release;
		};
		FC6D82E72FC7088C00C8452D /* Build configuration list for PBXNativeTarget "MimicDeckUITests" */ = {
			isa = XCConfigurationList;
			buildConfigurations = (
				FC6D82E82FC7088C00C8452D /* Debug */,
				FC6D82E92FC7088C00C8452D /* Release */,
			);
			defaultConfigurationIsVisible = 0;
			defaultConfigurationName = Release;
		};
/* End XCConfigurationList section */
	};
	rootObject = FC6D82B82FC7088A00C8452D /* Project object */;
}
